
Microsoft Visual Studio Solution File, Format Version 12.00
# Visual Studio Version 17
VisualStudioVersion = 17.14.36717.8 d17.14
MinimumVisualStudioVersion = 10.0.40219.1
Project("{FAE04EC0-301F-11D3-BF4B-00C04F79EFBC}") = "WebTetris", "WebTetris\WebTetris.csproj", "{B58C482B-B8BF-4A2D-BC5D-6D68297B8E05}"
EndProject
Project("{FAE04EC0-301F-11D3-BF4B-00C04F79EFBC}") = "BL", "BL\BL.csproj", "{D4534533-EA8E-4F89-92AD-21F14F24BEE4}"
EndProject
Project("{FAE04EC0-301F-11D3-BF4B-00C04F79EFBC}") = "DAL", "DAL\DAL.csproj", "{BD3D1A12-3778-4604-81B1-6C3FA83DB2E6}"
EndProject
Project("{FAE04EC0-301F-11D3-BF4B-00C04F79EFBC}") = "Entities", "Entities\Entities.csproj", "{8434BABB-AB04-40E3-93F7-70D6FF45E6E8}"
EndProject
Project("{FAE04EC0-301F-11D3-BF4B-00C04F79EFBC}") = "Interfaces", "Interfaces\Interfaces.csproj", "{4182E966-C9D3-4A61-91D9-05341C06B08B}"
EndProject
Project("{FAE04EC0-301F-11D3-BF4B-00C04F79EFBC}") = "ORMDAL", "ORMDAL\ORMDAL.csproj", "{5E003EA9-8D43-470D-B7A3-0FEF1C223851}"
EndProject
Project("{00D1A9C2-B5F0-4AF3-8072-F6C62B433612}") = "DB", "DB\DB.sqlproj", "{9B791E19-19EB-4614-B4EA-D5B05FCA77DC}"
EndProject
Global
	GlobalSection(SolutionConfigurationPlatforms) = preSolution
		Debug|Any CPU = Debug|Any CPU
		Release|Any CPU = Release|Any CPU
	EndGlobalSection
	GlobalSection(ProjectConfigurationPlatforms) = postSolution
		{B58C482B-B8BF-4A2D-BC5D-6D68297B8E05}.Debug|Any CPU.ActiveCfg = Debug|Any CPU
		{B58C482B-B8BF-4A2D-BC5D-6D68297B8E05}.Debug|Any CPU.Build.0 = Debug|Any CPU
		{B58C482B-B8BF-4A2D-BC5D-6D68297B8E05}.Release|Any CPU.ActiveCfg = Release|Any CPU
		{B58C482B-B8BF-4A2D-BC5D-6D68297B8E05}.Release|Any CPU.Build.0 = Release|Any CPU
		{D4534533-EA8E-4F89-92AD-21F14F24BEE4}.Debug|Any CPU.ActiveCfg = Debug|Any CPU
		{D4534533-EA8E-4F89-92AD-21F14F24BEE4}.Debug|Any CPU.Build.0 = Debug|Any CPU
		{D4534533-EA8E-4F89-92AD-21F14F24BEE4}.Release|Any CPU.ActiveCfg = Release|Any CPU
		{D4534533-EA8E-4F89-92AD-21F14F24BEE4}.Release|Any CPU.Build.0 = Release|Any CPU
		{BD3D1A12-3778-4604-81B1-6C3FA83DB2E6}.Debug|Any CPU.ActiveCfg = Debug|Any CPU
		{BD3D1A12-3778-4604-81B1-6C3FA83DB2E6}.Debug|Any CPU.Build.0 = Debug|Any CPU
		{BD3D1A12-3778-4604-81B1-6C3FA83DB2E6}.Release|Any CPU.ActiveCfg = Release|Any CPU
		{BD3D1A12-3778-4604-81B1-6C3FA83DB2E6}.Release|Any CPU.Build.0 = Release|Any CPU
		{8434BABB-AB04-40E3-93F7-70D6FF45E6E8}.Debug|Any CPU.ActiveCfg = Debug|Any CPU
		{8434BABB-AB04-40E3-93F7-70D6FF45E6E8}.Debug|Any CPU.Build.0 = Debug|Any CPU
		{8434BABB-AB04-40E3-93F7-70D6FF45E6E8}.Release|Any CPU.ActiveCfg = Release|Any CPU
		{8434BABB-AB04-40E3-93F7-70D6FF45E6E8}.Release|Any CPU.Build.0 = Release|Any CPU
		{4182E966-C9D3-4A61-91D9-05341C06B08B}.Debug|Any CPU.ActiveCfg = Debug|Any CPU
		{4182E966-C9D3-4A61-91D9-05341C06B08B}.Debug|Any CPU.Build.0 = Debug|Any CPU
		{4182E966-C9D3-4A61-91D9-05341C06B08B}.Release|Any CPU.ActiveCfg = Release|Any CPU
		{4182E966-C9D3-4A61-91D9-05341C06B08B}.Release|Any CPU.Build.0 = Release|Any CPU
		{5E003EA9-8D43-470D-B7A3-0FEF1C223851}.Debug|Any CPU.ActiveCfg = Debug|Any CPU
		{5E003EA9-8D43-470D-B7A3-0FEF1C223851}.Debug|Any CPU.Build.0 = Debug|Any CPU
		{5E003EA9-8D43-470D-B7A3-0FEF1C223851}.Release|Any CPU.ActiveCfg = Release|Any CPU
		{5E003EA9-8D43-470D-B7A3-0FEF1C223851}.Release|Any CPU.Build.0 = Release|Any CPU
		{9B791E19-19EB-4614-B4EA-D5B05FCA77DC}.Debug|Any CPU.ActiveCfg = Debug|Any CPU
		{9B791E19-19EB-4614-B4EA-D5B05FCA77DC}.Debug|Any CPU.Build.0 = Debug|Any CPU
		{9B791E19-19EB-4614-B4EA-D5B05FCA77DC}.Debug|Any CPU.Deploy.0 = Debug|Any CPU
		{9B791E19-19EB-4614-B4EA-D5B05FCA77DC}.Release|Any CPU.ActiveCfg = Release|Any CPU
		{9B791E19-19EB-4614-B4EA-D5B05FCA77DC}.Release|Any CPU.Build.0 = Release|Any CPU
		{9B791E19-19EB-4614-B4EA-D5B05FCA77DC}.Release|Any CPU.Deploy.0 = Release|Any CPU
	EndGlobalSection
	GlobalSection(SolutionProperties) = preSolution
		HideSolutionNode = FALSE
	EndGlobalSection
	GlobalSection(ExtensibilityGlobals) = postSolution
		SolutionGuid = {EF71DA5E-10CC-4474-B8DF-5E4D8F8CE7A3}
	EndGlobalSection
EndGlobal
